
Microsoft Visual Studio Solution File, Format Version 12.00
# Visual Studio Version 16
VisualStudioVersion = 16.0.30204.135
MinimumVisualStudioVersion = 10.0.40219.1
Project("{FAE04EC0-301F-11D3-BF4B-00C04F79EFBC}") = "BulkGraphUpdates", "BulkGraphUpdates\BulkGraphUpdates.csproj", "{D0862137-B97A-4B1E-9F37-36E793440A53}"
EndProject
Global
	GlobalSection(SolutionConfigurationPlatforms) = preSolution
		Debug|Any CPU = Debug|Any CPU
		Release|Any CPU = Release|Any CPU
	EndGlobalSection
	GlobalSection(ProjectConfigurationPlatforms) = postSolution
		{D0862137-B97A-4B1E-9F37-36E793440A53}.Debug|Any CPU.ActiveCfg = Debug|Any CPU
		{D0862137-B97A-4B1E-9F37-36E793440A53}.Debug|Any CPU.Build.0 = Debug|Any CPU
		{D0862137-B97A-4B1E-9F37-36E793440A53}.Release|Any CPU.ActiveCfg = Release|Any CPU
		{D0862137-B97A-4B1E-9F37-36E793440A53}.Release|Any CPU.Build.0 = Release|Any CPU
	EndGlobalSection
	GlobalSection(SolutionProperties) = preSolution
		HideSolutionNode = FALSE
	EndGlobalSection
	GlobalSection(ExtensibilityGlobals) = postSolution
		SolutionGuid = {D58B1528-C9B3-4545-A296-6FC989825FEE}
	EndGlobalSection
EndGlobal
